
Microsoft Visual Studio Solution File, Format Version 12.00
# Visual Studio Version 16
VisualStudioVersion = 16.0.31112.23
MinimumVisualStudioVersion = 10.0.40219.1
Project("{9A19103F-16F7-4668-BE54-9A1E7A4F7556}") = "Webmotors.Back9944", "src\Webmotors.Back9944\Webmotors.Back9944.csproj", "{11892406-B139-4238-9AA3-96D58F619DFF}"
EndProject
Project("{2150E333-8FDC-42A3-9474-1A3956D46DE8}") = "src", "src", "{29AF70E3-23AF-493E-9283-29B1048451A2}"
EndProject
Project("{2150E333-8FDC-42A3-9474-1A3956D46DE8}") = "tests", "tests", "{420F27E9-F3AE-45E6-9694-B47F3FFB7302}"
EndProject
Global
	GlobalSection(SolutionConfigurationPlatforms) = preSolution
		Debug|Any CPU = Debug|Any CPU
		Release|Any CPU = Release|Any CPU
	EndGlobalSection
	GlobalSection(ProjectConfigurationPlatforms) = postSolution
		{11892406-B139-4238-9AA3-96D58F619DFF}.Debug|Any CPU.ActiveCfg = Debug|Any CPU
		{11892406-B139-4238-9AA3-96D58F619DFF}.Debug|Any CPU.Build.0 = Debug|Any CPU
		{11892406-B139-4238-9AA3-96D58F619DFF}.Release|Any CPU.ActiveCfg = Release|Any CPU
		{11892406-B139-4238-9AA3-96D58F619DFF}.Release|Any CPU.Build.0 = Release|Any CPU
	EndGlobalSection
	GlobalSection(SolutionProperties) = preSolution
		HideSolutionNode = FALSE
	EndGlobalSection
	GlobalSection(NestedProjects) = preSolution
		{11892406-B139-4238-9AA3-96D58F619DFF} = {29AF70E3-23AF-493E-9283-29B1048451A2}
	EndGlobalSection
	GlobalSection(ExtensibilityGlobals) = postSolution
		SolutionGuid = {00296391-598E-46D8-9093-2EB6DE7963FA}
	EndGlobalSection
EndGlobal
